// !$*UTF8*$!
{
	archiveVersion = 1;
	classes = {
	};
	objectVersion = 50;
	objects = {

/* Begin PBXBuildFile section */
		4B16BB4B215097AF0032E535 /* AppDelegate.swift in Sources */ = {isa = PBXBuildFile; fileRef = 4B16BB4A215097AF0032E535 /* AppDelegate.swift */; };
		4B16BB4D215097AF0032E535 /* GoalVC.swift in Sources */ = {isa = PBXBuildFile; fileRef = 4B16BB4C215097AF0032E535 /* GoalVC.swift */; };
		4B16BB50215097AF0032E535 /* Main.storyboard in Resources */ = {isa = PBXBuildFile; fileRef = 4B16BB4E215097AF0032E535 /* Main.storyboard */; };
		4B16BB53215097AF0032E535 /* GoalPost.xcdatamodeld in Sources */ = {isa = PBXBuildFile; fileRef = 4B16BB51215097AF0032E535 /* GoalPost.xcdatamodeld */; };
		4B16BB55215097AF0032E535 /* Assets.xcassets in Resources */ = {isa = PBXBuildFile; fileRef = 4B16BB54215097AF0032E535 /* Assets.xcassets */; };
		4B16BB58215097AF0032E535 /* LaunchScreen.storyboard in Resources */ = {isa = PBXBuildFile; fileRef = 4B16BB56215097AF0032E535 /* LaunchScreen.storyboard */; };
		4B16BB642150A0450032E535 /* GoalCell.swift in Sources */ = {isa = PBXBuildFile; fileRef = 4B16BB632150A0450032E535 /* GoalCell.swift */; };
		4B16BB662150ACEA0032E535 /* GoalVCExt.swift in Sources */ = {isa = PBXBuildFile; fileRef = 4B16BB652150ACEA0032E535 /* GoalVCExt.swift */; };
		4B16BB682150AE5B0032E535 /* GoalType.swift in Sources */ = {isa = PBXBuildFile; fileRef = 4B16BB672150AE5B0032E535 /* GoalType.swift */; };
		4B16BB6A2150B4880032E535 /* CreateGoalVC.swift in Sources */ = {isa = PBXBuildFile; fileRef = 4B16BB692150B4880032E535 /* CreateGoalVC.swift */; };
		4B16BB6C2150B8420032E535 /* UIViewControllerExt.swift in Sources */ = {isa = PBXBuildFile; fileRef = 4B16BB6B2150B8420032E535 /* UIViewControllerExt.swift */; };
		4B5128BE2150BD4A00AEA712 /* UIViewExt.swift in Sources */ = {isa = PBXBuildFile; fileRef = 4B5128BD2150BD4A00AEA712 /* UIViewExt.swift */; };
		4B5128C02150C1BC00AEA712 /* UIButtonExt.swift in Sources */ = {isa = PBXBuildFile; fileRef = 4B5128BF2150C1BC00AEA712 /* UIButtonExt.swift */; };
/* End PBXBuildFile section */

/* Begin PBXFileReference section */
		4B16BB47215097AF0032E535 /* GoalPost.app */ = {isa = PBXFileReference; explicitFileType = wrapper.application; includeInIndex = 0; path = GoalPost.app; sourceTree = BUILT_PRODUCTS_DIR; };
		4B16BB4A215097AF0032E535 /* AppDelegate.swift */ = {isa = PBXFileReference; lastKnownFileType = sourcecode.swift; path = AppDelegate.swift; sourceTree = "<group>"; };
		4B16BB4C215097AF0032E535 /* GoalVC.swift */ = {isa = PBXFileReference; lastKnownFileType = sourcecode.swift; path = GoalVC.swift; sourceTree = "<group>"; };
		4B16BB4F215097AF0032E535 /* Base */ = {isa = PBXFileReference; lastKnownFileType = file.storyboard; name = Base; path = Base.lproj/Main.storyboard; sourceTree = "<group>"; };
		4B16BB52215097AF0032E535 /* GoalPost.xcdatamodel */ = {isa = PBXFileReference; lastKnownFileType = wrapper.xcdatamodel; path = GoalPost.xcdatamodel; sourceTree = "<group>"; };
		4B16BB54215097AF0032E535 /* Assets.xcassets */ = {isa = PBXFileReference; lastKnownFileType = folder.assetcatalog; path = Assets.xcassets; sourceTree = "<group>"; };
		4B16BB57215097AF0032E535 /* Base */ = {isa = PBXFileReference; lastKnownFileType = file.storyboard; name = Base; path = Base.lproj/LaunchScreen.storyboard; sourceTree = "<group>"; };
		4B16BB59215097AF0032E535 /* Info.plist */ = {isa = PBXFileReference; lastKnownFileType = text.plist.xml; path = Info.plist; sourceTree = "<group>"; };
		4B16BB632150A0450032E535 /* GoalCell.swift */ = {isa = PBXFileReference; lastKnownFileType = sourcecode.swift; path = GoalCell.swift; sourceTree = "<group>"; };
		4B16BB652150ACEA0032E535 /* GoalVCExt.swift */ = {isa = PBXFileReference; lastKnownFileType = sourcecode.swift; path = GoalVCExt.swift; sourceTree = "<group>"; };
		4B16BB672150AE5B0032E535 /* GoalType.swift */ = {isa = PBXFileReference; lastKnownFileType = sourcecode.swift; path = GoalType.swift; sourceTree = "<group>"; };
		4B16BB692150B4880032E535 /* CreateGoalVC.swift */ = {isa = PBXFileReference; lastKnownFileType = sourcecode.swift; path = CreateGoalVC.swift; sourceTree = "<group>"; };
		4B16BB6B2150B8420032E535 /* UIViewControllerExt.swift */ = {isa = PBXFileReference; lastKnownFileType = sourcecode.swift; path = UIViewControllerExt.swift; sourceTree = "<group>"; };
		4B5128BD2150BD4A00AEA712 /* UIViewExt.swift */ = {isa = PBXFileReference; lastKnownFileType = sourcecode.swift; path = UIViewExt.swift; sourceTree = "<group>"; };
		4B5128BF2150C1BC00AEA712 /* UIButtonExt.swift */ = {isa = PBXFileReference; lastKnownFileType = sourcecode.swift; path = UIButtonExt.swift; sourceTree = "<group>"; };
/* End PBXFileReference section */

/* Begin PBXFrameworksBuildPhase section */
		4B16BB44215097AF0032E535 /* Frameworks */ = {
			isa = PBXFrameworksBuildPhase;
			buildActionMask = 2147483647;
			files = (
			);
			runOnlyForDeploymentPostprocessing = 0;
		};
/* End PBXFrameworksBuildPhase section */

/* Begin PBXGroup section */
		4B16BB3E215097AE0032E535 = {
			isa = PBXGroup;
			children = (
				4B16BB49215097AF0032E535 /* GoalPost */,
				4B16BB48215097AF0032E535 /* Products */,
			);
			sourceTree = "<group>";
		};
		4B16BB48215097AF0032E535 /* Products */ = {
			isa = PBXGroup;
			children = (
				4B16BB47215097AF0032E535 /* GoalPost.app */,
			);
			name = Products;
			sourceTree = "<group>";
		};
		4B16BB49215097AF0032E535 /* GoalPost */ = {
			isa = PBXGroup;
			children = (
				4B16BB62215098860032E535 /* Extension */,
				4B16BB612150987F0032E535 /* Enum */,
				4B16BB602150987A0032E535 /* View */,
				4B16BB5F215098710032E535 /* Controller */,
				4B16BB4A215097AF0032E535 /* AppDelegate.swift */,
				4B16BB4E215097AF0032E535 /* Main.storyboard */,
				4B16BB54215097AF0032E535 /* Assets.xcassets */,
				4B16BB56215097AF0032E535 /* LaunchScreen.storyboard */,
				4B16BB59215097AF0032E535 /* Info.plist */,
				4B16BB51215097AF0032E535 /* GoalPost.xcdatamodeld */,
			);
			path = GoalPost;
			sourceTree = "<group>";
		};
		4B16BB5F215098710032E535 /* Controller */ = {
			isa = PBXGroup;
			children = (
				4B16BB4C215097AF0032E535 /* GoalVC.swift */,
				4B16BB692150B4880032E535 /* CreateGoalVC.swift */,
			);
			path = Controller;
			sourceTree = "<group>";
		};
		4B16BB602150987A0032E535 /* View */ = {
			isa = PBXGroup;
			children = (
				4B16BB632150A0450032E535 /* GoalCell.swift */,
			);
			path = View;
			sourceTree = "<group>";
		};
		4B16BB612150987F0032E535 /* Enum */ = {
			isa = PBXGroup;
			children = (
				4B16BB672150AE5B0032E535 /* GoalType.swift */,
			);
			path = Enum;
			sourceTree = "<group>";
		};
		4B16BB62215098860032E535 /* Extension */ = {
			isa = PBXGroup;
			children = (
				4B16BB652150ACEA0032E535 /* GoalVCExt.swift */,
				4B16BB6B2150B8420032E535 /* UIViewControllerExt.swift */,
				4B5128BD2150BD4A00AEA712 /* UIViewExt.swift */,
				4B5128BF2150C1BC00AEA712 /* UIButtonExt.swift */,
			);
			path = Extension;
			sourceTree = "<group>";
		};
/* End PBXGroup section */

/* Begin PBXNativeTarget section */
		4B16BB46215097AF0032E535 /* GoalPost */ = {
			isa = PBXNativeTarget;
			buildConfigurationList = 4B16BB5C215097AF0032E535 /* Build configuration list for PBXNativeTarget "GoalPost" */;
			buildPhases = (
				4B16BB43215097AF0032E535 /* Sources */,
				4B16BB44215097AF0032E535 /* Frameworks */,
				4B16BB45215097AF0032E535 /* Resources */,
			);
			buildRules = (
			);
			dependencies = (
			);
			name = GoalPost;
			productName = GoalPost;
			productReference = 4B16BB47215097AF0032E535 /* GoalPost.app */;
			productType = "com.apple.product-type.application";
		};
/* End PBXNativeTarget section */

/* Begin PBXProject section */
		4B16BB3F215097AE0032E535 /* Project object */ = {
			isa = PBXProject;
			attributes = {
				LastSwiftUpdateCheck = 1000;
				LastUpgradeCheck = 1000;
				ORGANIZATIONNAME = SP;
				TargetAttributes = {
					4B16BB46215097AF0032E535 = {
						CreatedOnToolsVersion = 10.0;
					};
				};
			};
			buildConfigurationList = 4B16BB42215097AE0032E535 /* Build configuration list for PBXProject "GoalPost" */;
			compatibilityVersion = "Xcode 9.3";
			developmentRegion = en;
			hasScannedForEncodings = 0;
			knownRegions = (
				en,
				Base,
			);
			mainGroup = 4B16BB3E215097AE0032E535;
			productRefGroup = 4B16BB48215097AF0032E535 /* Products */;
			projectDirPath = "";
			projectRoot = "";
			targets = (
				4B16BB46215097AF0032E535 /* GoalPost */,
			);
		};
/* End PBXProject section */

/* Begin PBXResourcesBuildPhase section */
		4B16BB45215097AF0032E535 /* Resources */ = {
			isa = PBXResourcesBuildPhase;
			buildActionMask = 2147483647;
			files = (
				4B16BB58215097AF0032E535 /* LaunchScreen.storyboard in Resources */,
				4B16BB55215097AF0032E535 /* Assets.xcassets in Resources */,
				4B16BB50215097AF0032E535 /* Main.storyboard in Resources */,
			);
			runOnlyForDeploymentPostprocessing = 0;
		};
/* End PBXResourcesBuildPhase section */

/* Begin PBXSourcesBuildPhase section */
		4B16BB43215097AF0032E535 /* Sources */ = {
			isa = PBXSourcesBuildPhase;
			buildActionMask = 2147483647;
			files = (
				4B5128BE2150BD4A00AEA712 /* UIViewExt.swift in Sources */,
				4B5128C02150C1BC00AEA712 /* UIButtonExt.swift in Sources */,
				4B16BB662150ACEA0032E535 /* GoalVCExt.swift in Sources */,
				4B16BB642150A0450032E535 /* GoalCell.swift in Sources */,
				4B16BB6C2150B8420032E535 /* UIViewControllerExt.swift in Sources */,
				4B16BB682150AE5B0032E535 /* GoalType.swift in Sources */,
				4B16BB4D215097AF0032E535 /* GoalVC.swift in Sources */,
				4B16BB6A2150B4880032E535 /* CreateGoalVC.swift in Sources */,
				4B16BB4B215097AF0032E535 /* AppDelegate.swift in Sources */,
				4B16BB53215097AF0032E535 /* GoalPost.xcdatamodeld in Sources */,
			);
			runOnlyForDeploymentPostprocessing = 0;
		};
/* End PBXSourcesBuildPhase section */

/* Begin PBXVariantGroup section */
		4B16BB4E215097AF0032E535 /* Main.storyboard */ = {
			isa = PBXVariantGroup;
			children = (
				4B16BB4F215097AF0032E535 /* Base */,
			);
			name = Main.storyboard;
			sourceTree = "<group>";
		};
		4B16BB56215097AF0032E535 /* LaunchScreen.storyboard */ = {
			isa = PBXVariantGroup;
			children = (
				4B16BB57215097AF0032E535 /* Base */,
			);
			name = LaunchScreen.storyboard;
			sourceTree = "<group>";
		};
/* End PBXVariantGroup section */

/* Begin XCBuildConfiguration section */
		4B16BB5A215097AF0032E535 /* Debug */ = {
			isa = XCBuildConfiguration;
			buildSettings = {
				ALWAYS_SEARCH_USER_PATHS = NO;
				CLANG_ANALYZER_NONNULL = YES;
				CLANG_ANALYZER_NUMBER_OBJECT_CONVERSION = YES_AGGRESSIVE;
				CLANG_CXX_LANGUAGE_STANDARD = "gnu++14";
				CLANG_CXX_LIBRARY = "libc++";
				CLANG_ENABLE_MODULES = YES;
				CLANG_ENABLE_OBJC_ARC = YES;
				CLANG_ENABLE_OBJC_WEAK = YES;
				CLANG_WARN_BLOCK_CAPTURE_AUTORELEASING = YES;
				CLANG_WARN_BOOL_CONVERSION = YES;
				CLANG_WARN_COMMA = YES;
				CLANG_WARN_CONSTANT_CONVERSION = YES;
				CLANG_WARN_DEPRECATED_OBJC_IMPLEMENTATIONS = YES;
				CLANG_WARN_DIRECT_OBJC_ISA_USAGE = YES_ERROR;
				CLANG_WARN_DOCUMENTATION_COMMENTS = YES;
				CLANG_WARN_EMPTY_BODY = YES;
				CLANG_WARN_ENUM_CONVERSION = YES;
				CLANG_WARN_INFINITE_RECURSION = YES;
				CLANG_WARN_INT_CONVERSION = YES;
				CLANG_WARN_NON_LITERAL_NULL_CONVERSION = YES;
				CLANG_WARN_OBJC_IMPLICIT_RETAIN_SELF = YES;
				CLANG_WARN_OBJC_LITERAL_CONVERSION = YES;
				CLANG_WARN_OBJC_ROOT_CLASS = YES_ERROR;
				CLANG_WARN_RANGE_LOOP_ANALYSIS = YES;
				CLANG_WARN_STRICT_PROTOTYPES = YES;
				CLANG_WARN_SUSPICIOUS_MOVE = YES;
				CLANG_WARN_UNGUARDED_AVAILABILITY = YES_AGGRESSIVE;
				CLANG_WARN_UNREACHABLE_CODE = YES;
				CLANG_WARN__DUPLICATE_METHOD_MATCH = YES;
				CODE_SIGN_IDENTITY = "iPhone Developer";
				COPY_PHASE_STRIP = NO;
				DEBUG_INFORMATION_FORMAT = dwarf;
				ENABLE_STRICT_OBJC_MSGSEND = YES;
				ENABLE_TESTABILITY = YES;
				GCC_C_LANGUAGE_STANDARD = gnu11;
				GCC_DYNAMIC_NO_PIC = NO;
				GCC_NO_COMMON_BLOCKS = YES;
				GCC_OPTIMIZATION_LEVEL = 0;
				GCC_PREPROCESSOR_DEFINITIONS = (
					"DEBUG=1",
					"$(inherited)",
				);
				GCC_WARN_64_TO_32_BIT_CONVERSION = YES;
				GCC_WARN_ABOUT_RETURN_TYPE = YES_ERROR;
				GCC_WARN_UNDECLARED_SELECTOR = YES;
				GCC_WARN_UNINITIALIZED_AUTOS = YES_AGGRESSIVE;
				GCC_WARN_UNUSED_FUNCTION = YES;
				GCC_WARN_UNUSED_VARIABLE = YES;
				IPHONEOS_DEPLOYMENT_TARGET = 12.0;
				MTL_ENABLE_DEBUG_INFO = INCLUDE_SOURCE;
				MTL_FAST_MATH = YES;
				ONLY_ACTIVE_ARCH = YES;
				SDKROOT = iphoneos;
				SWIFT_ACTIVE_COMPILATION_CONDITIONS = DEBUG;
				SWIFT_OPTIMIZATION_LEVEL = "-Onone";
			};
			name = Debug;
		};
		4B16BB5B215097AF0032E535 /* Release */ = {
			isa = XCBuildConfiguration;
			buildSettings = {
				ALWAYS_SEARCH_USER_PATHS = NO;
				CLANG_ANALYZER_NONNULL = YES;
				CLANG_ANALYZER_NUMBER_OBJECT_CONVERSION = YES_AGGRESSIVE;
				CLANG_CXX_LANGUAGE_STANDARD = "gnu++14";
				CLANG_CXX_LIBRARY = "libc++";
				CLANG_ENABLE_MODULES = YES;
				CLANG_ENABLE_OBJC_ARC = YES;
				CLANG_ENABLE_OBJC_WEAK = YES;
				CLANG_WARN_BLOCK_CAPTURE_AUTORELEASING = YES;
				CLANG_WARN_BOOL_CONVERSION = YES;
				CLANG_WARN_COMMA = YES;
				CLANG_WARN_CONSTANT_CONVERSION = YES;
				CLANG_WARN_DEPRECATED_OBJC_IMPLEMENTATIONS = YES;
				CLANG_WARN_DIRECT_OBJC_ISA_USAGE = YES_ERROR;
				CLANG_WARN_DOCUMENTATION_COMMENTS = YES;
				CLANG_WARN_EMPTY_BODY = YES;
				CLANG_WARN_ENUM_CONVERSION = YES;
				CLANG_WARN_INFINITE_RECURSION = YES;
				CLANG_WARN_INT_CONVERSION = YES;
				CLANG_WARN_NON_LITERAL_NULL_CONVERSION = YES;
				CLANG_WARN_OBJC_IMPLICIT_RETAIN_SELF = YES;
				CLANG_WARN_OBJC_LITERAL_CONVERSION = YES;
				CLANG_WARN_OBJC_ROOT_CLASS = YES_ERROR;
				CLANG_WARN_RANGE_LOOP_ANALYSIS = YES;
				CLANG_WARN_STRICT_PROTOTYPES = YES;
				CLANG_WARN_SUSPICIOUS_MOVE = YES;
				CLANG_WARN_UNGUARDED_AVAILABILITY = YES_AGGRESSIVE;
				CLANG_WARN_UNREACHABLE_CODE = YES;
				CLANG_WARN__DUPLICATE_METHOD_MATCH = YES;
				CODE_SIGN_IDENTITY = "iPhone Developer";
				COPY_PHASE_STRIP = NO;
				DEBUG_INFORMATION_FORMAT = "dwarf-with-dsym";
				ENABLE_NS_ASSERTIONS = NO;
				ENABLE_STRICT_OBJC_MSGSEND = YES;
				GCC_C_LANGUAGE_STANDARD = gnu11;
				GCC_NO_COMMON_BLOCKS = YES;
				GCC_WARN_64_TO_32_BIT_CONVERSION = YES;
				GCC_WARN_ABOUT_RETURN_TYPE = YES_ERROR;
				GCC_WARN_UNDECLARED_SELECTOR = YES;
				GCC_WARN_UNINITIALIZED_AUTOS = YES_AGGRESSIVE;
				GCC_WARN_UNUSED_FUNCTION = YES;
				GCC_WARN_UNUSED_VARIABLE = YES;
				IPHONEOS_DEPLOYMENT_TARGET = 12.0;
				MTL_ENABLE_DEBUG_INFO = NO;
				MTL_FAST_MATH = YES;
				SDKROOT = iphoneos;
				SWIFT_COMPILATION_MODE = wholemodule;
				SWIFT_OPTIMIZATION_LEVEL = "-O";
				VALIDATE_PRODUCT = YES;
			};
			name = Release;
		};
		4B16BB5D215097AF0032E535 /* Debug */ = {
			isa = XCBuildConfiguration;
			buildSettings = {
				ASSETCATALOG_COMPILER_APPICON_NAME = AppIcon;
				CODE_SIGN_STYLE = Automatic;
				DEVELOPMENT_TEAM = RSG3Z2YJ33;
				INFOPLIST_FILE = GoalPost/Info.plist;
				LD_RUNPATH_SEARCH_PATHS = (
					"$(inherited)",
					"@executable_path/Frameworks",
				);
				PRODUCT_BUNDLE_IDENTIFIER = com.sp.GoalPost;
				PRODUCT_NAME = "$(TARGET_NAME)";
				SWIFT_VERSION = 4.2;
				TARGETED_DEVICE_FAMILY = "1,2";
			};
			name = Debug;
		};
		4B16BB5E215097AF0032E535 /* Release */ = {
			isa = XCBuildConfiguration;
			buildSettings = {
				ASSETCATALOG_COMPILER_APPICON_NAME = AppIcon;
				CODE_SIGN_STYLE = Automatic;
				DEVELOPMENT_TEAM = RSG3Z2YJ33;
				INFOPLIST_FILE = GoalPost/Info.plist;
				LD_RUNPATH_SEARCH_PATHS = (
					"$(inherited)",
					"@executable_path/Frameworks",
				);
				PRODUCT_BUNDLE_IDENTIFIER = com.sp.GoalPost;
				PRODUCT_NAME = "$(TARGET_NAME)";
				SWIFT_VERSION = 4.2;
				TARGETED_DEVICE_FAMILY = "1,2";
			};
			name = Release;
		};
/* End XCBuildConfiguration section */

/* Begin XCConfigurationList section */
		4B16BB42215097AE0032E535 /* Build configuration list for PBXProject "GoalPost" */ = {
			isa = XCConfigurationList;
			buildConfigurations = (
				4B16BB5A215097AF0032E535 /* Debug */,
				4B16BB5B215097AF0032E535 /* Release */,
			);
			defaultConfigurationIsVisible = 0;
			defaultConfigurationName = Release;
		};
		4B16BB5C215097AF0032E535 /* Build configuration list for PBXNativeTarget "GoalPost" */ = {
			isa = XCConfigurationList;
			buildConfigurations = (
				4B16BB5D215097AF0032E535 /* Debug */,
				4B16BB5E215097AF0032E535 /* Release */,
			);
			defaultConfigurationIsVisible = 0;
			defaultConfigurationName = Release;
		};
/* End XCConfigurationList section */

/* Begin XCVersionGroup section */
		4B16BB51215097AF0032E535 /* GoalPost.xcdatamodeld */ = {
			isa = XCVersionGroup;
			children = (
				4B16BB52215097AF0032E535 /* GoalPost.xcdatamodel */,
			);
			currentVersion = 4B16BB52215097AF0032E535 /* GoalPost.xcdatamodel */;
			path = GoalPost.xcdatamodeld;
			sourceTree = "<group>";
			versionGroupType = wrapper.xcdatamodel;
		};
/* End XCVersionGroup section */
	};
	rootObject = 4B16BB3F215097AE0032E535 /* Project object */;
}
